
Microsoft Visual Studio Solution File, Format Version 12.00
# Visual Studio Version 17
VisualStudioVersion = 17.12.35521.163
MinimumVisualStudioVersion = 10.0.40219.1
Project("{FAE04EC0-301F-11D3-BF4B-00C04F79EFBC}") = "database", "database\database.csproj", "{E553A09C-CD71-4657-A05B-AFF962E41C2A}"
EndProject
Project("{FAE04EC0-301F-11D3-BF4B-00C04F79EFBC}") = "TestDatabase", "TestDatabase\TestDatabase.csproj", "{0B1B391C-BC60-4DA9-8BC8-3D3997402881}"
EndProject
Global
	GlobalSection(SolutionConfigurationPlatforms) = preSolution
		Debug|Any CPU = Debug|Any CPU
		Release|Any CPU = Release|Any CPU
	EndGlobalSection
	GlobalSection(ProjectConfigurationPlatforms) = postSolution
		{E553A09C-CD71-4657-A05B-AFF962E41C2A}.Debug|Any CPU.ActiveCfg = Debug|Any CPU
		{E553A09C-CD71-4657-A05B-AFF962E41C2A}.Debug|Any CPU.Build.0 = Debug|Any CPU
		{E553A09C-CD71-4657-A05B-AFF962E41C2A}.Release|Any CPU.ActiveCfg = Release|Any CPU
		{E553A09C-CD71-4657-A05B-AFF962E41C2A}.Release|Any CPU.Build.0 = Release|Any CPU
		{0B1B391C-BC60-4DA9-8BC8-3D3997402881}.Debug|Any CPU.ActiveCfg = Debug|Any CPU
		{0B1B391C-BC60-4DA9-8BC8-3D3997402881}.Debug|Any CPU.Build.0 = Debug|Any CPU
		{0B1B391C-BC60-4DA9-8BC8-3D3997402881}.Release|Any CPU.ActiveCfg = Release|Any CPU
		{0B1B391C-BC60-4DA9-8BC8-3D3997402881}.Release|Any CPU.Build.0 = Release|Any CPU
	EndGlobalSection
	GlobalSection(SolutionProperties) = preSolution
		HideSolutionNode = FALSE
	EndGlobalSection
EndGlobal
